
Microsoft Visual Studio Solution File, Format Version 12.00
# Visual Studio 2013
VisualStudioVersion = 12.0.21005.1
MinimumVisualStudioVersion = 10.0.40219.1
Project("{FAE04EC0-301F-11D3-BF4B-00C04F79EFBC}") = "tnpsc applying project", "tnpsc applying project\tnpsc applying project.csproj", "{E7AAA86C-0733-4F04-BAD4-F8BCBDCE0415}"
EndProject
Project("{2150E333-8FDC-42A3-9474-1A3956D46DE8}") = "Solution Items", "Solution Items", "{60EE591D-CAB9-485E-B00D-393FD490125B}"
	ProjectSection(SolutionItems) = preProject
		HTMLPage1.html = HTMLPage1.html
	EndProjectSection
EndProject
Global
	GlobalSection(SolutionConfigurationPlatforms) = preSolution
		Debug|Any CPU = Debug|Any CPU
		Release|Any CPU = Release|Any CPU
	EndGlobalSection
	GlobalSection(ProjectConfigurationPlatforms) = postSolution
		{E7AAA86C-0733-4F04-BAD4-F8BCBDCE0415}.Debug|Any CPU.ActiveCfg = Debug|Any CPU
		{E7AAA86C-0733-4F04-BAD4-F8BCBDCE0415}.Debug|Any CPU.Build.0 = Debug|Any CPU
		{E7AAA86C-0733-4F04-BAD4-F8BCBDCE0415}.Release|Any CPU.ActiveCfg = Release|Any CPU
		{E7AAA86C-0733-4F04-BAD4-F8BCBDCE0415}.Release|Any CPU.Build.0 = Release|Any CPU
	EndGlobalSection
	GlobalSection(SolutionProperties) = preSolution
		HideSolutionNode = FALSE
	EndGlobalSection
EndGlobal
